// !$*UTF8*$!
{
	archiveVersion = 1;
	classes = {
	};
	objectVersion = 56;
	objects = {

/* Begin PBXBuildFile section */
		C1731AF52CD3848D00BB8028 /* FillReminderLabel.swift in Sources */ = {isa = PBXBuildFile; fileRef = C1731AF42CD3848D00BB8028 /* FillReminderLabel.swift */; };
		C1731AF72CD3849A00BB8028 /* EmptyReminderLabel.swift in Sources */ = {isa = PBXBuildFile; fileRef = C1731AF62CD3849A00BB8028 /* EmptyReminderLabel.swift */; };
		C1731AF92CD386D800BB8028 /* TodayDate.swift in Sources */ = {isa = PBXBuildFile; fileRef = C1731AF82CD386D800BB8028 /* TodayDate.swift */; };
		C1731AFB2CD38C0800BB8028 /* TodayViewViewModel.swift in Sources */ = {isa = PBXBuildFile; fileRef = C1731AFA2CD38C0800BB8028 /* TodayViewViewModel.swift */; };
		C1731B152CD38F8800BB8028 /* ProfileViewViewModel.swift in Sources */ = {isa = PBXBuildFile; fileRef = C1731B142CD38F8800BB8028 /* ProfileViewViewModel.swift */; };
		C1731B172CD38F9900BB8028 /* UpcomingViewViewModel.swift in Sources */ = {isa = PBXBuildFile; fileRef = C1731B162CD38F9900BB8028 /* UpcomingViewViewModel.swift */; };
		C1731B192CD38FA600BB8028 /* InboxViewViewModel.swift in Sources */ = {isa = PBXBuildFile; fileRef = C1731B182CD38FA600BB8028 /* InboxViewViewModel.swift */; };
		C1731B1E2CD3931200BB8028 /* NewItemView.swift in Sources */ = {isa = PBXBuildFile; fileRef = C1731B1D2CD3931200BB8028 /* NewItemView.swift */; };
		C1731B202CD3952700BB8028 /* NewItemViewViewModel.swift in Sources */ = {isa = PBXBuildFile; fileRef = C1731B1F2CD3952700BB8028 /* NewItemViewViewModel.swift */; };
		C1731B222CD3BD2900BB8028 /* ToDoListItem.swift in Sources */ = {isa = PBXBuildFile; fileRef = C1731B212CD3BD2900BB8028 /* ToDoListItem.swift */; };
		C1731B252CD3C4B600BB8028 /* AuthService.swift in Sources */ = {isa = PBXBuildFile; fileRef = C1731B242CD3C4B600BB8028 /* AuthService.swift */; };
		C1731B282CD3C51500BB8028 /* UserService.swift in Sources */ = {isa = PBXBuildFile; fileRef = C1731B272CD3C51500BB8028 /* UserService.swift */; };
		C1731B2C2CD3D12E00BB8028 /* HomeView.swift in Sources */ = {isa = PBXBuildFile; fileRef = C1731B2B2CD3D12E00BB8028 /* HomeView.swift */; };
		C1FA6C662CD0E1C60074EB96 /* To_Do_ListApp.swift in Sources */ = {isa = PBXBuildFile; fileRef = C1FA6C652CD0E1C60074EB96 /* To_Do_ListApp.swift */; };
		C1FA6C682CD0E1C60074EB96 /* MainView.swift in Sources */ = {isa = PBXBuildFile; fileRef = C1FA6C672CD0E1C60074EB96 /* MainView.swift */; };
		C1FA6C6A2CD0E1C70074EB96 /* Assets.xcassets in Resources */ = {isa = PBXBuildFile; fileRef = C1FA6C692CD0E1C70074EB96 /* Assets.xcassets */; };
		C1FA6C6D2CD0E1C70074EB96 /* Preview Assets.xcassets in Resources */ = {isa = PBXBuildFile; fileRef = C1FA6C6C2CD0E1C70074EB96 /* Preview Assets.xcassets */; };
		C1FA6C742CD0E1CF0074EB96 /* GoogleService-Info.plist in Resources */ = {isa = PBXBuildFile; fileRef = C1FA6C732CD0E1CF0074EB96 /* GoogleService-Info.plist */; };
		C1FA6C862CD0F4930074EB96 /* ProfileView.swift in Sources */ = {isa = PBXBuildFile; fileRef = C1FA6C852CD0F4930074EB96 /* ProfileView.swift */; };
		C1FA6C882CD0F55C0074EB96 /* LoginView.swift in Sources */ = {isa = PBXBuildFile; fileRef = C1FA6C872CD0F55C0074EB96 /* LoginView.swift */; };
		C1FA6C8B2CD104F90074EB96 /* Color.swift in Sources */ = {isa = PBXBuildFile; fileRef = C1FA6C8A2CD104F90074EB96 /* Color.swift */; };
		C1FA6C8D2CD110700074EB96 /* RegistrationView.swift in Sources */ = {isa = PBXBuildFile; fileRef = C1FA6C8C2CD110700074EB96 /* RegistrationView.swift */; };
		C1FA6C8F2CD115AA0074EB96 /* LoginViewViewModel.swift in Sources */ = {isa = PBXBuildFile; fileRef = C1FA6C8E2CD115AA0074EB96 /* LoginViewViewModel.swift */; };
		C1FA6C9B2CD11B970074EB96 /* FirebaseAnalytics in Frameworks */ = {isa = PBXBuildFile; productRef = C1FA6C9A2CD11B970074EB96 /* FirebaseAnalytics */; };
		C1FA6C9D2CD11B970074EB96 /* FirebaseAnalyticsOnDeviceConversion in Frameworks */ = {isa = PBXBuildFile; productRef = C1FA6C9C2CD11B970074EB96 /* FirebaseAnalyticsOnDeviceConversion */; };
		C1FA6C9F2CD11B970074EB96 /* FirebaseAnalyticsWithoutAdIdSupport in Frameworks */ = {isa = PBXBuildFile; productRef = C1FA6C9E2CD11B970074EB96 /* FirebaseAnalyticsWithoutAdIdSupport */; };
		C1FA6CA12CD11B970074EB96 /* FirebaseAppCheck in Frameworks */ = {isa = PBXBuildFile; productRef = C1FA6CA02CD11B970074EB96 /* FirebaseAppCheck */; };
		C1FA6CA32CD11B970074EB96 /* FirebaseAppDistribution-Beta in Frameworks */ = {isa = PBXBuildFile; productRef = C1FA6CA22CD11B970074EB96 /* FirebaseAppDistribution-Beta */; };
		C1FA6CA52CD11B970074EB96 /* FirebaseAuth in Frameworks */ = {isa = PBXBuildFile; productRef = C1FA6CA42CD11B970074EB96 /* FirebaseAuth */; };
		C1FA6CA72CD11B970074EB96 /* FirebaseAuthCombine-Community in Frameworks */ = {isa = PBXBuildFile; productRef = C1FA6CA62CD11B970074EB96 /* FirebaseAuthCombine-Community */; };
		C1FA6CA92CD11B970074EB96 /* FirebaseCore in Frameworks */ = {isa = PBXBuildFile; productRef = C1FA6CA82CD11B970074EB96 /* FirebaseCore */; };
		C1FA6CAB2CD11B970074EB96 /* FirebaseCrashlytics in Frameworks */ = {isa = PBXBuildFile; productRef = C1FA6CAA2CD11B970074EB96 /* FirebaseCrashlytics */; };
		C1FA6CAD2CD11B970074EB96 /* FirebaseDatabase in Frameworks */ = {isa = PBXBuildFile; productRef = C1FA6CAC2CD11B970074EB96 /* FirebaseDatabase */; };
		C1FA6CAF2CD11B970074EB96 /* FirebaseDynamicLinks in Frameworks */ = {isa = PBXBuildFile; productRef = C1FA6CAE2CD11B970074EB96 /* FirebaseDynamicLinks */; };
		C1FA6CB12CD11B970074EB96 /* FirebaseFirestore in Frameworks */ = {isa = PBXBuildFile; productRef = C1FA6CB02CD11B970074EB96 /* FirebaseFirestore */; };
		C1FA6CB32CD11B970074EB96 /* FirebaseFirestoreCombine-Community in Frameworks */ = {isa = PBXBuildFile; productRef = C1FA6CB22CD11B970074EB96 /* FirebaseFirestoreCombine-Community */; };
		C1FA6CB52CD11B970074EB96 /* FirebaseFunctions in Frameworks */ = {isa = PBXBuildFile; productRef = C1FA6CB42CD11B970074EB96 /* FirebaseFunctions */; };
		C1FA6CB72CD11B970074EB96 /* FirebaseFunctionsCombine-Community in Frameworks */ = {isa = PBXBuildFile; productRef = C1FA6CB62CD11B970074EB96 /* FirebaseFunctionsCombine-Community */; };
		C1FA6CB92CD11B970074EB96 /* FirebaseInAppMessaging-Beta in Frameworks */ = {isa = PBXBuildFile; productRef = C1FA6CB82CD11B970074EB96 /* FirebaseInAppMessaging-Beta */; };
		C1FA6CBB2CD11B970074EB96 /* FirebaseInstallations in Frameworks */ = {isa = PBXBuildFile; productRef = C1FA6CBA2CD11B970074EB96 /* FirebaseInstallations */; };
		C1FA6CBD2CD11B970074EB96 /* FirebaseMLModelDownloader in Frameworks */ = {isa = PBXBuildFile; productRef = C1FA6CBC2CD11B970074EB96 /* FirebaseMLModelDownloader */; };
		C1FA6CBF2CD11B970074EB96 /* FirebaseMessaging in Frameworks */ = {isa = PBXBuildFile; productRef = C1FA6CBE2CD11B970074EB96 /* FirebaseMessaging */; };
		C1FA6CC12CD11B970074EB96 /* FirebasePerformance in Frameworks */ = {isa = PBXBuildFile; productRef = C1FA6CC02CD11B970074EB96 /* FirebasePerformance */; };
		C1FA6CC32CD11B970074EB96 /* FirebaseRemoteConfig in Frameworks */ = {isa = PBXBuildFile; productRef = C1FA6CC22CD11B970074EB96 /* FirebaseRemoteConfig */; };
		C1FA6CC52CD11B970074EB96 /* FirebaseStorage in Frameworks */ = {isa = PBXBuildFile; productRef = C1FA6CC42CD11B970074EB96 /* FirebaseStorage */; };
		C1FA6CC72CD11B970074EB96 /* FirebaseStorageCombine-Community in Frameworks */ = {isa = PBXBuildFile; productRef = C1FA6CC62CD11B970074EB96 /* FirebaseStorageCombine-Community */; };
		C1FA6CC92CD11B970074EB96 /* FirebaseVertexAI in Frameworks */ = {isa = PBXBuildFile; productRef = C1FA6CC82CD11B970074EB96 /* FirebaseVertexAI */; };
		C1FA6CCB2CD11D880074EB96 /* RegistrationViewViewModel.swift in Sources */ = {isa = PBXBuildFile; fileRef = C1FA6CCA2CD11D880074EB96 /* RegistrationViewViewModel.swift */; };
		C1FA6CCD2CD120880074EB96 /* User.swift in Sources */ = {isa = PBXBuildFile; fileRef = C1FA6CCC2CD120880074EB96 /* User.swift */; };
		C1FA6CCF2CD122390074EB96 /* Exstensions.swift in Sources */ = {isa = PBXBuildFile; fileRef = C1FA6CCE2CD122390074EB96 /* Exstensions.swift */; };
		C1FA6CD12CD123D00074EB96 /* MainViewViewModel.swift in Sources */ = {isa = PBXBuildFile; fileRef = C1FA6CD02CD123D00074EB96 /* MainViewViewModel.swift */; };
		C1FA6CD32CD1270C0074EB96 /* TodayView.swift in Sources */ = {isa = PBXBuildFile; fileRef = C1FA6CD22CD1270C0074EB96 /* TodayView.swift */; };
		C1FA6CD52CD12BE90074EB96 /* UpcomingView.swift in Sources */ = {isa = PBXBuildFile; fileRef = C1FA6CD42CD12BE90074EB96 /* UpcomingView.swift */; };
		C1FA6CD72CD12BF20074EB96 /* InboxView.swift in Sources */ = {isa = PBXBuildFile; fileRef = C1FA6CD62CD12BF20074EB96 /* InboxView.swift */; };
		C1FA6CDA2CD14F6B0074EB96 /* PlusButtonView.swift in Sources */ = {isa = PBXBuildFile; fileRef = C1FA6CD92CD14F6B0074EB96 /* PlusButtonView.swift */; };
/* End PBXBuildFile section */

/* Begin PBXFileReference section */
		C1731AF42CD3848D00BB8028 /* FillReminderLabel.swift */ = {isa = PBXFileReference; lastKnownFileType = sourcecode.swift; path = FillReminderLabel.swift; sourceTree = "<group>"; };
		C1731AF62CD3849A00BB8028 /* EmptyReminderLabel.swift */ = {isa = PBXFileReference; lastKnownFileType = sourcecode.swift; path = EmptyReminderLabel.swift; sourceTree = "<group>"; };
		C1731AF82CD386D800BB8028 /* TodayDate.swift */ = {isa = PBXFileReference; lastKnownFileType = sourcecode.swift; path = TodayDate.swift; sourceTree = "<group>"; };
		C1731AFA2CD38C0800BB8028 /* TodayViewViewModel.swift */ = {isa = PBXFileReference; lastKnownFileType = sourcecode.swift; path = TodayViewViewModel.swift; sourceTree = "<group>"; };
		C1731B142CD38F8800BB8028 /* ProfileViewViewModel.swift */ = {isa = PBXFileReference; lastKnownFileType = sourcecode.swift; path = ProfileViewViewModel.swift; sourceTree = "<group>"; };
		C1731B162CD38F9900BB8028 /* UpcomingViewViewModel.swift */ = {isa = PBXFileReference; lastKnownFileType = sourcecode.swift; path = UpcomingViewViewModel.swift; sourceTree = "<group>"; };
		C1731B182CD38FA600BB8028 /* InboxViewViewModel.swift */ = {isa = PBXFileReference; lastKnownFileType = sourcecode.swift; path = InboxViewViewModel.swift; sourceTree = "<group>"; };
		C1731B1D2CD3931200BB8028 /* NewItemView.swift */ = {isa = PBXFileReference; lastKnownFileType = sourcecode.swift; path = NewItemView.swift; sourceTree = "<group>"; };
		C1731B1F2CD3952700BB8028 /* NewItemViewViewModel.swift */ = {isa = PBXFileReference; lastKnownFileType = sourcecode.swift; path = NewItemViewViewModel.swift; sourceTree = "<group>"; };
		C1731B212CD3BD2900BB8028 /* ToDoListItem.swift */ = {isa = PBXFileReference; lastKnownFileType = sourcecode.swift; path = ToDoListItem.swift; sourceTree = "<group>"; };
		C1731B242CD3C4B600BB8028 /* AuthService.swift */ = {isa = PBXFileReference; lastKnownFileType = sourcecode.swift; path = AuthService.swift; sourceTree = "<group>"; };
		C1731B272CD3C51500BB8028 /* UserService.swift */ = {isa = PBXFileReference; lastKnownFileType = sourcecode.swift; path = UserService.swift; sourceTree = "<group>"; };
		C1731B2B2CD3D12E00BB8028 /* HomeView.swift */ = {isa = PBXFileReference; lastKnownFileType = sourcecode.swift; path = HomeView.swift; sourceTree = "<group>"; };
		C1FA6C622CD0E1C60074EB96 /* To Do List.app */ = {isa = PBXFileReference; explicitFileType = wrapper.application; includeInIndex = 0; path = "To Do List.app"; sourceTree = BUILT_PRODUCTS_DIR; };
		C1FA6C652CD0E1C60074EB96 /* To_Do_ListApp.swift */ = {isa = PBXFileReference; lastKnownFileType = sourcecode.swift; path = To_Do_ListApp.swift; sourceTree = "<group>"; };
		C1FA6C672CD0E1C60074EB96 /* MainView.swift */ = {isa = PBXFileReference; lastKnownFileType = sourcecode.swift; path = MainView.swift; sourceTree = "<group>"; };
		C1FA6C692CD0E1C70074EB96 /* Assets.xcassets */ = {isa = PBXFileReference; lastKnownFileType = folder.assetcatalog; path = Assets.xcassets; sourceTree = "<group>"; };
		C1FA6C6C2CD0E1C70074EB96 /* Preview Assets.xcassets */ = {isa = PBXFileReference; lastKnownFileType = folder.assetcatalog; path = "Preview Assets.xcassets"; sourceTree = "<group>"; };
		C1FA6C732CD0E1CF0074EB96 /* GoogleService-Info.plist */ = {isa = PBXFileReference; fileEncoding = 4; lastKnownFileType = text.plist.xml; path = "GoogleService-Info.plist"; sourceTree = "<group>"; };
		C1FA6C852CD0F4930074EB96 /* ProfileView.swift */ = {isa = PBXFileReference; lastKnownFileType = sourcecode.swift; path = ProfileView.swift; sourceTree = "<group>"; };
		C1FA6C872CD0F55C0074EB96 /* LoginView.swift */ = {isa = PBXFileReference; lastKnownFileType = sourcecode.swift; path = LoginView.swift; sourceTree = "<group>"; };
		C1FA6C8A2CD104F90074EB96 /* Color.swift */ = {isa = PBXFileReference; lastKnownFileType = sourcecode.swift; path = Color.swift; sourceTree = "<group>"; };
		C1FA6C8C2CD110700074EB96 /* RegistrationView.swift */ = {isa = PBXFileReference; lastKnownFileType = sourcecode.swift; path = RegistrationView.swift; sourceTree = "<group>"; };
		C1FA6C8E2CD115AA0074EB96 /* LoginViewViewModel.swift */ = {isa = PBXFileReference; lastKnownFileType = sourcecode.swift; path = LoginViewViewModel.swift; sourceTree = "<group>"; };
		C1FA6CCA2CD11D880074EB96 /* RegistrationViewViewModel.swift */ = {isa = PBXFileReference; lastKnownFileType = sourcecode.swift; path = RegistrationViewViewModel.swift; sourceTree = "<group>"; };
		C1FA6CCC2CD120880074EB96 /* User.swift */ = {isa = PBXFileReference; lastKnownFileType = sourcecode.swift; path = User.swift; sourceTree = "<group>"; };
		C1FA6CCE2CD122390074EB96 /* Exstensions.swift */ = {isa = PBXFileReference; lastKnownFileType = sourcecode.swift; path = Exstensions.swift; sourceTree = "<group>"; };
		C1FA6CD02CD123D00074EB96 /* MainViewViewModel.swift */ = {isa = PBXFileReference; lastKnownFileType = sourcecode.swift; path = MainViewViewModel.swift; sourceTree = "<group>"; };
		C1FA6CD22CD1270C0074EB96 /* TodayView.swift */ = {isa = PBXFileReference; lastKnownFileType = sourcecode.swift; path = TodayView.swift; sourceTree = "<group>"; };
		C1FA6CD42CD12BE90074EB96 /* UpcomingView.swift */ = {isa = PBXFileReference; lastKnownFileType = sourcecode.swift; path = UpcomingView.swift; sourceTree = "<group>"; };
		C1FA6CD62CD12BF20074EB96 /* InboxView.swift */ = {isa = PBXFileReference; lastKnownFileType = sourcecode.swift; path = InboxView.swift; sourceTree = "<group>"; };
		C1FA6CD92CD14F6B0074EB96 /* PlusButtonView.swift */ = {isa = PBXFileReference; lastKnownFileType = sourcecode.swift; path = PlusButtonView.swift; sourceTree = "<group>"; };
/* End PBXFileReference section */

/* Begin PBXFrameworksBuildPhase section */
		C1FA6C5F2CD0E1C60074EB96 /* Frameworks */ = {
			isa = PBXFrameworksBuildPhase;
			buildActionMask = 2147483647;
			files = (
				C1FA6CB32CD11B970074EB96 /* FirebaseFirestoreCombine-Community in Frameworks */,
				C1FA6CC92CD11B970074EB96 /* FirebaseVertexAI in Frameworks */,
				C1FA6CB52CD11B970074EB96 /* FirebaseFunctions in Frameworks */,
				C1FA6CC12CD11B970074EB96 /* FirebasePerformance in Frameworks */,
				C1FA6CC72CD11B970074EB96 /* FirebaseStorageCombine-Community in Frameworks */,
				C1FA6CC32CD11B970074EB96 /* FirebaseRemoteConfig in Frameworks */,
				C1FA6CAD2CD11B970074EB96 /* FirebaseDatabase in Frameworks */,
				C1FA6CAF2CD11B970074EB96 /* FirebaseDynamicLinks in Frameworks */,
				C1FA6CA12CD11B970074EB96 /* FirebaseAppCheck in Frameworks */,
				C1FA6CA52CD11B970074EB96 /* FirebaseAuth in Frameworks */,
				C1FA6C9B2CD11B970074EB96 /* FirebaseAnalytics in Frameworks */,
				C1FA6CB12CD11B970074EB96 /* FirebaseFirestore in Frameworks */,
				C1FA6CBF2CD11B970074EB96 /* FirebaseMessaging in Frameworks */,
				C1FA6CBB2CD11B970074EB96 /* FirebaseInstallations in Frameworks */,
				C1FA6CB72CD11B970074EB96 /* FirebaseFunctionsCombine-Community in Frameworks */,
				C1FA6CA32CD11B970074EB96 /* FirebaseAppDistribution-Beta in Frameworks */,
				C1FA6C9F2CD11B970074EB96 /* FirebaseAnalyticsWithoutAdIdSupport in Frameworks */,
				C1FA6CB92CD11B970074EB96 /* FirebaseInAppMessaging-Beta in Frameworks */,
				C1FA6CA72CD11B970074EB96 /* FirebaseAuthCombine-Community in Frameworks */,
				C1FA6CAB2CD11B970074EB96 /* FirebaseCrashlytics in Frameworks */,
				C1FA6CBD2CD11B970074EB96 /* FirebaseMLModelDownloader in Frameworks */,
				C1FA6CC52CD11B970074EB96 /* FirebaseStorage in Frameworks */,
				C1FA6CA92CD11B970074EB96 /* FirebaseCore in Frameworks */,
				C1FA6C9D2CD11B970074EB96 /* FirebaseAnalyticsOnDeviceConversion in Frameworks */,
			);
			runOnlyForDeploymentPostprocessing = 0;
		};
/* End PBXFrameworksBuildPhase section */

/* Begin PBXGroup section */
		C1731AFE2CD38DAE00BB8028 /* Auth */ = {
			isa = PBXGroup;
			children = (
				C1731B232CD3C4A900BB8028 /* Service */,
				C1731B002CD38DBA00BB8028 /* Registration */,
				C1731AFF2CD38DB400BB8028 /* Login */,
			);
			path = Auth;
			sourceTree = "<group>";
		};
		C1731AFF2CD38DB400BB8028 /* Login */ = {
			isa = PBXGroup;
			children = (
				C1731B022CD38DCE00BB8028 /* ViewModel */,
				C1731B012CD38DC900BB8028 /* View */,
			);
			path = Login;
			sourceTree = "<group>";
		};
		C1731B002CD38DBA00BB8028 /* Registration */ = {
			isa = PBXGroup;
			children = (
				C1731B042CD38DD900BB8028 /* ViewModel */,
				C1731B032CD38DD600BB8028 /* View */,
			);
			path = Registration;
			sourceTree = "<group>";
		};
		C1731B012CD38DC900BB8028 /* View */ = {
			isa = PBXGroup;
			children = (
				C1FA6C872CD0F55C0074EB96 /* LoginView.swift */,
			);
			path = View;
			sourceTree = "<group>";
		};
		C1731B022CD38DCE00BB8028 /* ViewModel */ = {
			isa = PBXGroup;
			children = (
				C1FA6C8E2CD115AA0074EB96 /* LoginViewViewModel.swift */,
			);
			path = ViewModel;
			sourceTree = "<group>";
		};
		C1731B032CD38DD600BB8028 /* View */ = {
			isa = PBXGroup;
			children = (
				C1FA6C8C2CD110700074EB96 /* RegistrationView.swift */,
			);
			path = View;
			sourceTree = "<group>";
		};
		C1731B042CD38DD900BB8028 /* ViewModel */ = {
			isa = PBXGroup;
			children = (
				C1FA6CCA2CD11D880074EB96 /* RegistrationViewViewModel.swift */,
			);
			path = ViewModel;
			sourceTree = "<group>";
		};
		C1731B052CD38E1C00BB8028 /* Main */ = {
			isa = PBXGroup;
			children = (
				C1731B072CD38E2400BB8028 /* View */,
				C1731B062CD38E1F00BB8028 /* ViewModel */,
			);
			path = Main;
			sourceTree = "<group>";
		};
		C1731B062CD38E1F00BB8028 /* ViewModel */ = {
			isa = PBXGroup;
			children = (
				C1FA6CD02CD123D00074EB96 /* MainViewViewModel.swift */,
			);
			path = ViewModel;
			sourceTree = "<group>";
		};
		C1731B072CD38E2400BB8028 /* View */ = {
			isa = PBXGroup;
			children = (
				C1FA6C672CD0E1C60074EB96 /* MainView.swift */,
			);
			path = View;
			sourceTree = "<group>";
		};
		C1731B082CD38E4D00BB8028 /* Today */ = {
			isa = PBXGroup;
			children = (
				C1731B0A2CD38E5400BB8028 /* View */,
				C1731B092CD38E5000BB8028 /* ViewModel */,
			);
			path = Today;
			sourceTree = "<group>";
		};
		C1731B092CD38E5000BB8028 /* ViewModel */ = {
			isa = PBXGroup;
			children = (
				C1731AFA2CD38C0800BB8028 /* TodayViewViewModel.swift */,
			);
			path = ViewModel;
			sourceTree = "<group>";
		};
		C1731B0A2CD38E5400BB8028 /* View */ = {
			isa = PBXGroup;
			children = (
				C1FA6CD22CD1270C0074EB96 /* TodayView.swift */,
			);
			path = View;
			sourceTree = "<group>";
		};
		C1731B0B2CD38EAE00BB8028 /* Profile */ = {
			isa = PBXGroup;
			children = (
				C1731B0D2CD38EB600BB8028 /* View */,
				C1731B0C2CD38EB200BB8028 /* ViewModel */,
			);
			path = Profile;
			sourceTree = "<group>";
		};
		C1731B0C2CD38EB200BB8028 /* ViewModel */ = {
			isa = PBXGroup;
			children = (
				C1731B142CD38F8800BB8028 /* ProfileViewViewModel.swift */,
			);
			path = ViewModel;
			sourceTree = "<group>";
		};
		C1731B0D2CD38EB600BB8028 /* View */ = {
			isa = PBXGroup;
			children = (
				C1FA6C852CD0F4930074EB96 /* ProfileView.swift */,
			);
			path = View;
			sourceTree = "<group>";
		};
		C1731B0E2CD38ECB00BB8028 /* Upcoming */ = {
			isa = PBXGroup;
			children = (
				C1731B102CD38ED400BB8028 /* View */,
				C1731B0F2CD38ED000BB8028 /* ViewModel */,
			);
			path = Upcoming;
			sourceTree = "<group>";
		};
		C1731B0F2CD38ED000BB8028 /* ViewModel */ = {
			isa = PBXGroup;
			children = (
				C1731B162CD38F9900BB8028 /* UpcomingViewViewModel.swift */,
			);
			path = ViewModel;
			sourceTree = "<group>";
		};
		C1731B102CD38ED400BB8028 /* View */ = {
			isa = PBXGroup;
			children = (
				C1FA6CD42CD12BE90074EB96 /* UpcomingView.swift */,
			);
			path = View;
			sourceTree = "<group>";
		};
		C1731B112CD38EE400BB8028 /* Inbox */ = {
			isa = PBXGroup;
			children = (
				C1731B132CD38EED00BB8028 /* View */,
				C1731B122CD38EE900BB8028 /* ViewModel */,
			);
			path = Inbox;
			sourceTree = "<group>";
		};
		C1731B122CD38EE900BB8028 /* ViewModel */ = {
			isa = PBXGroup;
			children = (
				C1731B182CD38FA600BB8028 /* InboxViewViewModel.swift */,
			);
			path = ViewModel;
			sourceTree = "<group>";
		};
		C1731B132CD38EED00BB8028 /* View */ = {
			isa = PBXGroup;
			children = (
				C1FA6CD62CD12BF20074EB96 /* InboxView.swift */,
			);
			path = View;
			sourceTree = "<group>";
		};
		C1731B1A2CD392E900BB8028 /* NewItem */ = {
			isa = PBXGroup;
			children = (
				C1731B1C2CD3930500BB8028 /* View */,
				C1731B1B2CD3930000BB8028 /* ViewModel */,
			);
			path = NewItem;
			sourceTree = "<group>";
		};
		C1731B1B2CD3930000BB8028 /* ViewModel */ = {
			isa = PBXGroup;
			children = (
				C1731B1F2CD3952700BB8028 /* NewItemViewViewModel.swift */,
			);
			path = ViewModel;
			sourceTree = "<group>";
		};
		C1731B1C2CD3930500BB8028 /* View */ = {
			isa = PBXGroup;
			children = (
				C1731B1D2CD3931200BB8028 /* NewItemView.swift */,
			);
			path = View;
			sourceTree = "<group>";
		};
		C1731B232CD3C4A900BB8028 /* Service */ = {
			isa = PBXGroup;
			children = (
				C1731B242CD3C4B600BB8028 /* AuthService.swift */,
			);
			path = Service;
			sourceTree = "<group>";
		};
		C1731B262CD3C50800BB8028 /* Services */ = {
			isa = PBXGroup;
			children = (
				C1731B272CD3C51500BB8028 /* UserService.swift */,
			);
			path = Services;
			sourceTree = "<group>";
		};
		C1731B292CD3D12200BB8028 /* Home */ = {
			isa = PBXGroup;
			children = (
				C1731B2A2CD3D12600BB8028 /* View */,
			);
			path = Home;
			sourceTree = "<group>";
		};
		C1731B2A2CD3D12600BB8028 /* View */ = {
			isa = PBXGroup;
			children = (
				C1731B2B2CD3D12E00BB8028 /* HomeView.swift */,
			);
			path = View;
			sourceTree = "<group>";
		};
		C1FA6C592CD0E1C60074EB96 = {
			isa = PBXGroup;
			children = (
				C1FA6C642CD0E1C60074EB96 /* To Do List */,
				C1FA6C632CD0E1C60074EB96 /* Products */,
			);
			sourceTree = "<group>";
		};
		C1FA6C632CD0E1C60074EB96 /* Products */ = {
			isa = PBXGroup;
			children = (
				C1FA6C622CD0E1C60074EB96 /* To Do List.app */,
			);
			name = Products;
			sourceTree = "<group>";
		};
		C1FA6C642CD0E1C60074EB96 /* To Do List */ = {
			isa = PBXGroup;
			children = (
				C1FA6C842CD0E49C0074EB96 /* Other */,
				C1FA6C812CD0E48B0074EB96 /* Core */,
				C1FA6C832CD0E4990074EB96 /* Models */,
				C1FA6C892CD104EF0074EB96 /* Extensions */,
				C1731B262CD3C50800BB8028 /* Services */,
				C1FA6C6B2CD0E1C70074EB96 /* Preview Content */,
			);
			path = "To Do List";
			sourceTree = "<group>";
		};
		C1FA6C6B2CD0E1C70074EB96 /* Preview Content */ = {
			isa = PBXGroup;
			children = (
				C1FA6C6C2CD0E1C70074EB96 /* Preview Assets.xcassets */,
			);
			path = "Preview Content";
			sourceTree = "<group>";
		};
		C1FA6C812CD0E48B0074EB96 /* Core */ = {
			isa = PBXGroup;
			children = (
				C1731B292CD3D12200BB8028 /* Home */,
				C1731AFE2CD38DAE00BB8028 /* Auth */,
				C1731B052CD38E1C00BB8028 /* Main */,
				C1731B082CD38E4D00BB8028 /* Today */,
				C1731B0B2CD38EAE00BB8028 /* Profile */,
				C1731B0E2CD38ECB00BB8028 /* Upcoming */,
				C1731B112CD38EE400BB8028 /* Inbox */,
				C1731B1A2CD392E900BB8028 /* NewItem */,
				C1FA6CD82CD14F550074EB96 /* SubViews */,
			);
			path = Core;
			sourceTree = "<group>";
		};
		C1FA6C832CD0E4990074EB96 /* Models */ = {
			isa = PBXGroup;
			children = (
				C1FA6CCC2CD120880074EB96 /* User.swift */,
				C1731B212CD3BD2900BB8028 /* ToDoListItem.swift */,
			);
			path = Models;
			sourceTree = "<group>";
		};
		C1FA6C842CD0E49C0074EB96 /* Other */ = {
			isa = PBXGroup;
			children = (
				C1FA6C692CD0E1C70074EB96 /* Assets.xcassets */,
				C1FA6C652CD0E1C60074EB96 /* To_Do_ListApp.swift */,
				C1FA6C732CD0E1CF0074EB96 /* GoogleService-Info.plist */,
			);
			path = Other;
			sourceTree = "<group>";
		};
		C1FA6C892CD104EF0074EB96 /* Extensions */ = {
			isa = PBXGroup;
			children = (
				C1FA6C8A2CD104F90074EB96 /* Color.swift */,
				C1FA6CCE2CD122390074EB96 /* Exstensions.swift */,
				C1731AF82CD386D800BB8028 /* TodayDate.swift */,
			);
			path = Extensions;
			sourceTree = "<group>";
		};
		C1FA6CD82CD14F550074EB96 /* SubViews */ = {
			isa = PBXGroup;
			children = (
				C1FA6CD92CD14F6B0074EB96 /* PlusButtonView.swift */,
				C1731AF42CD3848D00BB8028 /* FillReminderLabel.swift */,
				C1731AF62CD3849A00BB8028 /* EmptyReminderLabel.swift */,
			);
			path = SubViews;
			sourceTree = "<group>";
		};
/* End PBXGroup section */

/* Begin PBXNativeTarget section */
		C1FA6C612CD0E1C60074EB96 /* To Do List */ = {
			isa = PBXNativeTarget;
			buildConfigurationList = C1FA6C702CD0E1C70074EB96 /* Build configuration list for PBXNativeTarget "To Do List" */;
			buildPhases = (
				C1FA6C5E2CD0E1C60074EB96 /* Sources */,
				C1FA6C5F2CD0E1C60074EB96 /* Frameworks */,
				C1FA6C602CD0E1C60074EB96 /* Resources */,
			);
			buildRules = (
			);
			dependencies = (
			);
			name = "To Do List";
			packageProductDependencies = (
				C1FA6C9A2CD11B970074EB96 /* FirebaseAnalytics */,
				C1FA6C9C2CD11B970074EB96 /* FirebaseAnalyticsOnDeviceConversion */,
				C1FA6C9E2CD11B970074EB96 /* FirebaseAnalyticsWithoutAdIdSupport */,
				C1FA6CA02CD11B970074EB96 /* FirebaseAppCheck */,
				C1FA6CA22CD11B970074EB96 /* FirebaseAppDistribution-Beta */,
				C1FA6CA42CD11B970074EB96 /* FirebaseAuth */,
				C1FA6CA62CD11B970074EB96 /* FirebaseAuthCombine-Community */,
				C1FA6CA82CD11B970074EB96 /* FirebaseCore */,
				C1FA6CAA2CD11B970074EB96 /* FirebaseCrashlytics */,
				C1FA6CAC2CD11B970074EB96 /* FirebaseDatabase */,
				C1FA6CAE2CD11B970074EB96 /* FirebaseDynamicLinks */,
				C1FA6CB02CD11B970074EB96 /* FirebaseFirestore */,
				C1FA6CB22CD11B970074EB96 /* FirebaseFirestoreCombine-Community */,
				C1FA6CB42CD11B970074EB96 /* FirebaseFunctions */,
				C1FA6CB62CD11B970074EB96 /* FirebaseFunctionsCombine-Community */,
				C1FA6CB82CD11B970074EB96 /* FirebaseInAppMessaging-Beta */,
				C1FA6CBA2CD11B970074EB96 /* FirebaseInstallations */,
				C1FA6CBC2CD11B970074EB96 /* FirebaseMLModelDownloader */,
				C1FA6CBE2CD11B970074EB96 /* FirebaseMessaging */,
				C1FA6CC02CD11B970074EB96 /* FirebasePerformance */,
				C1FA6CC22CD11B970074EB96 /* FirebaseRemoteConfig */,
				C1FA6CC42CD11B970074EB96 /* FirebaseStorage */,
				C1FA6CC62CD11B970074EB96 /* FirebaseStorageCombine-Community */,
				C1FA6CC82CD11B970074EB96 /* FirebaseVertexAI */,
			);
			productName = "To Do List";
			productReference = C1FA6C622CD0E1C60074EB96 /* To Do List.app */;
			productType = "com.apple.product-type.application";
		};
/* End PBXNativeTarget section */

/* Begin PBXProject section */
		C1FA6C5A2CD0E1C60074EB96 /* Project object */ = {
			isa = PBXProject;
			attributes = {
				BuildIndependentTargetsInParallel = 1;
				LastSwiftUpdateCheck = 1500;
				LastUpgradeCheck = 1500;
				TargetAttributes = {
					C1FA6C612CD0E1C60074EB96 = {
						CreatedOnToolsVersion = 15.0.1;
					};
				};
			};
			buildConfigurationList = C1FA6C5D2CD0E1C60074EB96 /* Build configuration list for PBXProject "To Do List" */;
			compatibilityVersion = "Xcode 14.0";
			developmentRegion = en;
			hasScannedForEncodings = 0;
			knownRegions = (
				en,
				Base,
			);
			mainGroup = C1FA6C592CD0E1C60074EB96;
			packageReferences = (
				C1FA6C752CD0E1DE0074EB96 /* XCRemoteSwiftPackageReference "firebase-ios-sdk" */,
			);
			productRefGroup = C1FA6C632CD0E1C60074EB96 /* Products */;
			projectDirPath = "";
			projectRoot = "";
			targets = (
				C1FA6C612CD0E1C60074EB96 /* To Do List */,
			);
		};
/* End PBXProject section */

/* Begin PBXResourcesBuildPhase section */
		C1FA6C602CD0E1C60074EB96 /* Resources */ = {
			isa = PBXResourcesBuildPhase;
			buildActionMask = 2147483647;
			files = (
				C1FA6C6D2CD0E1C70074EB96 /* Preview Assets.xcassets in Resources */,
				C1FA6C6A2CD0E1C70074EB96 /* Assets.xcassets in Resources */,
				C1FA6C742CD0E1CF0074EB96 /* GoogleService-Info.plist in Resources */,
			);
			runOnlyForDeploymentPostprocessing = 0;
		};
/* End PBXResourcesBuildPhase section */

/* Begin PBXSourcesBuildPhase section */
		C1FA6C5E2CD0E1C60074EB96 /* Sources */ = {
			isa = PBXSourcesBuildPhase;
			buildActionMask = 2147483647;
			files = (
				C1FA6C682CD0E1C60074EB96 /* MainView.swift in Sources */,
				C1731B2C2CD3D12E00BB8028 /* HomeView.swift in Sources */,
				C1FA6C8F2CD115AA0074EB96 /* LoginViewViewModel.swift in Sources */,
				C1731B282CD3C51500BB8028 /* UserService.swift in Sources */,
				C1FA6CD12CD123D00074EB96 /* MainViewViewModel.swift in Sources */,
				C1FA6CDA2CD14F6B0074EB96 /* PlusButtonView.swift in Sources */,
				C1731B192CD38FA600BB8028 /* InboxViewViewModel.swift in Sources */,
				C1731B172CD38F9900BB8028 /* UpcomingViewViewModel.swift in Sources */,
				C1FA6CD72CD12BF20074EB96 /* InboxView.swift in Sources */,
				C1FA6C862CD0F4930074EB96 /* ProfileView.swift in Sources */,
				C1FA6CCF2CD122390074EB96 /* Exstensions.swift in Sources */,
				C1FA6C882CD0F55C0074EB96 /* LoginView.swift in Sources */,
				C1FA6CD52CD12BE90074EB96 /* UpcomingView.swift in Sources */,
				C1731AFB2CD38C0800BB8028 /* TodayViewViewModel.swift in Sources */,
				C1731AF92CD386D800BB8028 /* TodayDate.swift in Sources */,
				C1FA6CCB2CD11D880074EB96 /* RegistrationViewViewModel.swift in Sources */,
				C1FA6CCD2CD120880074EB96 /* User.swift in Sources */,
				C1FA6C8D2CD110700074EB96 /* RegistrationView.swift in Sources */,
				C1FA6C8B2CD104F90074EB96 /* Color.swift in Sources */,
				C1731AF72CD3849A00BB8028 /* EmptyReminderLabel.swift in Sources */,
				C1FA6CD32CD1270C0074EB96 /* TodayView.swift in Sources */,
				C1731B252CD3C4B600BB8028 /* AuthService.swift in Sources */,
				C1731B1E2CD3931200BB8028 /* NewItemView.swift in Sources */,
				C1731B152CD38F8800BB8028 /* ProfileViewViewModel.swift in Sources */,
				C1731B202CD3952700BB8028 /* NewItemViewViewModel.swift in Sources */,
				C1FA6C662CD0E1C60074EB96 /* To_Do_ListApp.swift in Sources */,
				C1731B222CD3BD2900BB8028 /* ToDoListItem.swift in Sources */,
				C1731AF52CD3848D00BB8028 /* FillReminderLabel.swift in Sources */,
			);
			runOnlyForDeploymentPostprocessing = 0;
		};
/* End PBXSourcesBuildPhase section */

/* Begin XCBuildConfiguration section */
		C1FA6C6E2CD0E1C70074EB96 /* Debug */ = {
			isa = XCBuildConfiguration;
			buildSettings = {
				ALWAYS_SEARCH_USER_PATHS = NO;
				ASSETCATALOG_COMPILER_GENERATE_SWIFT_ASSET_SYMBOL_EXTENSIONS = YES;
				CLANG_ANALYZER_NONNULL = YES;
				CLANG_ANALYZER_NUMBER_OBJECT_CONVERSION = YES_AGGRESSIVE;
				CLANG_CXX_LANGUAGE_STANDARD = "gnu++20";
				CLANG_ENABLE_MODULES = YES;
				CLANG_ENABLE_OBJC_ARC = YES;
				CLANG_ENABLE_OBJC_WEAK = YES;
				CLANG_WARN_BLOCK_CAPTURE_AUTORELEASING = YES;
				CLANG_WARN_BOOL_CONVERSION = YES;
				CLANG_WARN_COMMA = YES;
				CLANG_WARN_CONSTANT_CONVERSION = YES;
				CLANG_WARN_DEPRECATED_OBJC_IMPLEMENTATIONS = YES;
				CLANG_WARN_DIRECT_OBJC_ISA_USAGE = YES_ERROR;
				CLANG_WARN_DOCUMENTATION_COMMENTS = YES;
				CLANG_WARN_EMPTY_BODY = YES;
				CLANG_WARN_ENUM_CONVERSION = YES;
				CLANG_WARN_INFINITE_RECURSION = YES;
				CLANG_WARN_INT_CONVERSION = YES;
				CLANG_WARN_NON_LITERAL_NULL_CONVERSION = YES;
				CLANG_WARN_OBJC_IMPLICIT_RETAIN_SELF = YES;
				CLANG_WARN_OBJC_LITERAL_CONVERSION = YES;
				CLANG_WARN_OBJC_ROOT_CLASS = YES_ERROR;
				CLANG_WARN_QUOTED_INCLUDE_IN_FRAMEWORK_HEADER = YES;
				CLANG_WARN_RANGE_LOOP_ANALYSIS = YES;
				CLANG_WARN_STRICT_PROTOTYPES = YES;
				CLANG_WARN_SUSPICIOUS_MOVE = YES;
				CLANG_WARN_UNGUARDED_AVAILABILITY = YES_AGGRESSIVE;
				CLANG_WARN_UNREACHABLE_CODE = YES;
				CLANG_WARN__DUPLICATE_METHOD_MATCH = YES;
				COPY_PHASE_STRIP = NO;
				DEBUG_INFORMATION_FORMAT = dwarf;
				ENABLE_STRICT_OBJC_MSGSEND = YES;
				ENABLE_TESTABILITY = YES;
				ENABLE_USER_SCRIPT_SANDBOXING = YES;
				GCC_C_LANGUAGE_STANDARD = gnu17;
				GCC_DYNAMIC_NO_PIC = NO;
				GCC_NO_COMMON_BLOCKS = YES;
				GCC_OPTIMIZATION_LEVEL = 0;
				GCC_PREPROCESSOR_DEFINITIONS = (
					"DEBUG=1",
					"$(inherited)",
				);
				GCC_WARN_64_TO_32_BIT_CONVERSION = YES;
				GCC_WARN_ABOUT_RETURN_TYPE = YES_ERROR;
				GCC_WARN_UNDECLARED_SELECTOR = YES;
				GCC_WARN_UNINITIALIZED_AUTOS = YES_AGGRESSIVE;
				GCC_WARN_UNUSED_FUNCTION = YES;
				GCC_WARN_UNUSED_VARIABLE = YES;
				IPHONEOS_DEPLOYMENT_TARGET = 17.0;
				LOCALIZATION_PREFERS_STRING_CATALOGS = YES;
				MTL_ENABLE_DEBUG_INFO = INCLUDE_SOURCE;
				MTL_FAST_MATH = YES;
				ONLY_ACTIVE_ARCH = YES;
				SDKROOT = iphoneos;
				SWIFT_ACTIVE_COMPILATION_CONDITIONS = "DEBUG $(inherited)";
				SWIFT_OPTIMIZATION_LEVEL = "-Onone";
			};
			name = Debug;
		};
		C1FA6C6F2CD0E1C70074EB96 /* Release */ = {
			isa = XCBuildConfiguration;
			buildSettings = {
				ALWAYS_SEARCH_USER_PATHS = NO;
				ASSETCATALOG_COMPILER_GENERATE_SWIFT_ASSET_SYMBOL_EXTENSIONS = YES;
				CLANG_ANALYZER_NONNULL = YES;
				CLANG_ANALYZER_NUMBER_OBJECT_CONVERSION = YES_AGGRESSIVE;
				CLANG_CXX_LANGUAGE_STANDARD = "gnu++20";
				CLANG_ENABLE_MODULES = YES;
				CLANG_ENABLE_OBJC_ARC = YES;
				CLANG_ENABLE_OBJC_WEAK = YES;
				CLANG_WARN_BLOCK_CAPTURE_AUTORELEASING = YES;
				CLANG_WARN_BOOL_CONVERSION = YES;
				CLANG_WARN_COMMA = YES;
				CLANG_WARN_CONSTANT_CONVERSION = YES;
				CLANG_WARN_DEPRECATED_OBJC_IMPLEMENTATIONS = YES;
				CLANG_WARN_DIRECT_OBJC_ISA_USAGE = YES_ERROR;
				CLANG_WARN_DOCUMENTATION_COMMENTS = YES;
				CLANG_WARN_EMPTY_BODY = YES;
				CLANG_WARN_ENUM_CONVERSION = YES;
				CLANG_WARN_INFINITE_RECURSION = YES;
				CLANG_WARN_INT_CONVERSION = YES;
				CLANG_WARN_NON_LITERAL_NULL_CONVERSION = YES;
				CLANG_WARN_OBJC_IMPLICIT_RETAIN_SELF = YES;
				CLANG_WARN_OBJC_LITERAL_CONVERSION = YES;
				CLANG_WARN_OBJC_ROOT_CLASS = YES_ERROR;
				CLANG_WARN_QUOTED_INCLUDE_IN_FRAMEWORK_HEADER = YES;
				CLANG_WARN_RANGE_LOOP_ANALYSIS = YES;
				CLANG_WARN_STRICT_PROTOTYPES = YES;
				CLANG_WARN_SUSPICIOUS_MOVE = YES;
				CLANG_WARN_UNGUARDED_AVAILABILITY = YES_AGGRESSIVE;
				CLANG_WARN_UNREACHABLE_CODE = YES;
				CLANG_WARN__DUPLICATE_METHOD_MATCH = YES;
				COPY_PHASE_STRIP = NO;
				DEBUG_INFORMATION_FORMAT = "dwarf-with-dsym";
				ENABLE_NS_ASSERTIONS = NO;
				ENABLE_STRICT_OBJC_MSGSEND = YES;
				ENABLE_USER_SCRIPT_SANDBOXING = YES;
				GCC_C_LANGUAGE_STANDARD = gnu17;
				GCC_NO_COMMON_BLOCKS = YES;
				GCC_WARN_64_TO_32_BIT_CONVERSION = YES;
				GCC_WARN_ABOUT_RETURN_TYPE = YES_ERROR;
				GCC_WARN_UNDECLARED_SELECTOR = YES;
				GCC_WARN_UNINITIALIZED_AUTOS = YES_AGGRESSIVE;
				GCC_WARN_UNUSED_FUNCTION = YES;
				GCC_WARN_UNUSED_VARIABLE = YES;
				IPHONEOS_DEPLOYMENT_TARGET = 17.0;
				LOCALIZATION_PREFERS_STRING_CATALOGS = YES;
				MTL_ENABLE_DEBUG_INFO = NO;
				MTL_FAST_MATH = YES;
				SDKROOT = iphoneos;
				SWIFT_COMPILATION_MODE = wholemodule;
				VALIDATE_PRODUCT = YES;
			};
			name = Release;
		};
		C1FA6C712CD0E1C70074EB96 /* Debug */ = {
			isa = XCBuildConfiguration;
			buildSettings = {
				ASSETCATALOG_COMPILER_APPICON_NAME = AppIcon;
				ASSETCATALOG_COMPILER_GLOBAL_ACCENT_COLOR_NAME = AccentColor;
				CODE_SIGN_STYLE = Automatic;
				CURRENT_PROJECT_VERSION = 1;
				DEVELOPMENT_ASSET_PATHS = "\"To Do List/Preview Content\"";
				DEVELOPMENT_TEAM = T4ZN6N9LN3;
				ENABLE_PREVIEWS = YES;
				GENERATE_INFOPLIST_FILE = YES;
				INFOPLIST_KEY_UIApplicationSceneManifest_Generation = YES;
				INFOPLIST_KEY_UIApplicationSupportsIndirectInputEvents = YES;
				INFOPLIST_KEY_UILaunchScreen_Generation = YES;
				INFOPLIST_KEY_UISupportedInterfaceOrientations_iPad = "UIInterfaceOrientationPortrait UIInterfaceOrientationPortraitUpsideDown UIInterfaceOrientationLandscapeLeft UIInterfaceOrientationLandscapeRight";
				INFOPLIST_KEY_UISupportedInterfaceOrientations_iPhone = "UIInterfaceOrientationPortrait UIInterfaceOrientationLandscapeLeft UIInterfaceOrientationLandscapeRight";
				LD_RUNPATH_SEARCH_PATHS = (
					"$(inherited)",
					"@executable_path/Frameworks",
				);
				MARKETING_VERSION = 1.0;
				PRODUCT_BUNDLE_IDENTIFIER = "com.InkaShev777.To-Do-List";
				PRODUCT_NAME = "$(TARGET_NAME)";
				SWIFT_EMIT_LOC_STRINGS = YES;
				SWIFT_VERSION = 5.0;
				TARGETED_DEVICE_FAMILY = "1,2";
			};
			name = Debug;
		};
		C1FA6C722CD0E1C70074EB96 /* Release */ = {
			isa = XCBuildConfiguration;
			buildSettings = {
				ASSETCATALOG_COMPILER_APPICON_NAME = AppIcon;
				ASSETCATALOG_COMPILER_GLOBAL_ACCENT_COLOR_NAME = AccentColor;
				CODE_SIGN_STYLE = Automatic;
				CURRENT_PROJECT_VERSION = 1;
				DEVELOPMENT_ASSET_PATHS = "\"To Do List/Preview Content\"";
				DEVELOPMENT_TEAM = T4ZN6N9LN3;
				ENABLE_PREVIEWS = YES;
				GENERATE_INFOPLIST_FILE = YES;
				INFOPLIST_KEY_UIApplicationSceneManifest_Generation = YES;
				INFOPLIST_KEY_UIApplicationSupportsIndirectInputEvents = YES;
				INFOPLIST_KEY_UILaunchScreen_Generation = YES;
				INFOPLIST_KEY_UISupportedInterfaceOrientations_iPad = "UIInterfaceOrientationPortrait UIInterfaceOrientationPortraitUpsideDown UIInterfaceOrientationLandscapeLeft UIInterfaceOrientationLandscapeRight";
				INFOPLIST_KEY_UISupportedInterfaceOrientations_iPhone = "UIInterfaceOrientationPortrait UIInterfaceOrientationLandscapeLeft UIInterfaceOrientationLandscapeRight";
				LD_RUNPATH_SEARCH_PATHS = (
					"$(inherited)",
					"@executable_path/Frameworks",
				);
				MARKETING_VERSION = 1.0;
				PRODUCT_BUNDLE_IDENTIFIER = "com.InkaShev777.To-Do-List";
				PRODUCT_NAME = "$(TARGET_NAME)";
				SWIFT_EMIT_LOC_STRINGS = YES;
				SWIFT_VERSION = 5.0;
				TARGETED_DEVICE_FAMILY = "1,2";
			};
			name = Release;
		};
/* End XCBuildConfiguration section */

/* Begin XCConfigurationList section */
		C1FA6C5D2CD0E1C60074EB96 /* Build configuration list for PBXProject "To Do List" */ = {
			isa = XCConfigurationList;
			buildConfigurations = (
				C1FA6C6E2CD0E1C70074EB96 /* Debug */,
				C1FA6C6F2CD0E1C70074EB96 /* Release */,
			);
			defaultConfigurationIsVisible = 0;
			defaultConfigurationName = Release;
		};
		C1FA6C702CD0E1C70074EB96 /* Build configuration list for PBXNativeTarget "To Do List" */ = {
			isa = XCConfigurationList;
			buildConfigurations = (
				C1FA6C712CD0E1C70074EB96 /* Debug */,
				C1FA6C722CD0E1C70074EB96 /* Release */,
			);
			defaultConfigurationIsVisible = 0;
			defaultConfigurationName = Release;
		};
/* End XCConfigurationList section */

/* Begin XCRemoteSwiftPackageReference section */
		C1FA6C752CD0E1DE0074EB96 /* XCRemoteSwiftPackageReference "firebase-ios-sdk" */ = {
			isa = XCRemoteSwiftPackageReference;
			repositoryURL = "https://github.com/firebase/firebase-ios-sdk";
			requirement = {
				kind = upToNextMajorVersion;
				minimumVersion = 11.4.0;
			};
		};
/* End XCRemoteSwiftPackageReference section */

/* Begin XCSwiftPackageProductDependency section */
		C1FA6C9A2CD11B970074EB96 /* FirebaseAnalytics */ = {
			isa = XCSwiftPackageProductDependency;
			package = C1FA6C752CD0E1DE0074EB96 /* XCRemoteSwiftPackageReference "firebase-ios-sdk" */;
			productName = FirebaseAnalytics;
		};
		C1FA6C9C2CD11B970074EB96 /* FirebaseAnalyticsOnDeviceConversion */ = {
			isa = XCSwiftPackageProductDependency;
			package = C1FA6C752CD0E1DE0074EB96 /* XCRemoteSwiftPackageReference "firebase-ios-sdk" */;
			productName = FirebaseAnalyticsOnDeviceConversion;
		};
		C1FA6C9E2CD11B970074EB96 /* FirebaseAnalyticsWithoutAdIdSupport */ = {
			isa = XCSwiftPackageProductDependency;
			package = C1FA6C752CD0E1DE0074EB96 /* XCRemoteSwiftPackageReference "firebase-ios-sdk" */;
			productName = FirebaseAnalyticsWithoutAdIdSupport;
		};
		C1FA6CA02CD11B970074EB96 /* FirebaseAppCheck */ = {
			isa = XCSwiftPackageProductDependency;
			package = C1FA6C752CD0E1DE0074EB96 /* XCRemoteSwiftPackageReference "firebase-ios-sdk" */;
			productName = FirebaseAppCheck;
		};
		C1FA6CA22CD11B970074EB96 /* FirebaseAppDistribution-Beta */ = {
			isa = XCSwiftPackageProductDependency;
			package = C1FA6C752CD0E1DE0074EB96 /* XCRemoteSwiftPackageReference "firebase-ios-sdk" */;
			productName = "FirebaseAppDistribution-Beta";
		};
		C1FA6CA42CD11B970074EB96 /* FirebaseAuth */ = {
			isa = XCSwiftPackageProductDependency;
			package = C1FA6C752CD0E1DE0074EB96 /* XCRemoteSwiftPackageReference "firebase-ios-sdk" */;
			productName = FirebaseAuth;
		};
		C1FA6CA62CD11B970074EB96 /* FirebaseAuthCombine-Community */ = {
			isa = XCSwiftPackageProductDependency;
			package = C1FA6C752CD0E1DE0074EB96 /* XCRemoteSwiftPackageReference "firebase-ios-sdk" */;
			productName = "FirebaseAuthCombine-Community";
		};
		C1FA6CA82CD11B970074EB96 /* FirebaseCore */ = {
			isa = XCSwiftPackageProductDependency;
			package = C1FA6C752CD0E1DE0074EB96 /* XCRemoteSwiftPackageReference "firebase-ios-sdk" */;
			productName = FirebaseCore;
		};
		C1FA6CAA2CD11B970074EB96 /* FirebaseCrashlytics */ = {
			isa = XCSwiftPackageProductDependency;
			package = C1FA6C752CD0E1DE0074EB96 /* XCRemoteSwiftPackageReference "firebase-ios-sdk" */;
			productName = FirebaseCrashlytics;
		};
		C1FA6CAC2CD11B970074EB96 /* FirebaseDatabase */ = {
			isa = XCSwiftPackageProductDependency;
			package = C1FA6C752CD0E1DE0074EB96 /* XCRemoteSwiftPackageReference "firebase-ios-sdk" */;
			productName = FirebaseDatabase;
		};
		C1FA6CAE2CD11B970074EB96 /* FirebaseDynamicLinks */ = {
			isa = XCSwiftPackageProductDependency;
			package = C1FA6C752CD0E1DE0074EB96 /* XCRemoteSwiftPackageReference "firebase-ios-sdk" */;
			productName = FirebaseDynamicLinks;
		};
		C1FA6CB02CD11B970074EB96 /* FirebaseFirestore */ = {
			isa = XCSwiftPackageProductDependency;
			package = C1FA6C752CD0E1DE0074EB96 /* XCRemoteSwiftPackageReference "firebase-ios-sdk" */;
			productName = FirebaseFirestore;
		};
		C1FA6CB22CD11B970074EB96 /* FirebaseFirestoreCombine-Community */ = {
			isa = XCSwiftPackageProductDependency;
			package = C1FA6C752CD0E1DE0074EB96 /* XCRemoteSwiftPackageReference "firebase-ios-sdk" */;
			productName = "FirebaseFirestoreCombine-Community";
		};
		C1FA6CB42CD11B970074EB96 /* FirebaseFunctions */ = {
			isa = XCSwiftPackageProductDependency;
			package = C1FA6C752CD0E1DE0074EB96 /* XCRemoteSwiftPackageReference "firebase-ios-sdk" */;
			productName = FirebaseFunctions;
		};
		C1FA6CB62CD11B970074EB96 /* FirebaseFunctionsCombine-Community */ = {
			isa = XCSwiftPackageProductDependency;
			package = C1FA6C752CD0E1DE0074EB96 /* XCRemoteSwiftPackageReference "firebase-ios-sdk" */;
			productName = "FirebaseFunctionsCombine-Community";
		};
		C1FA6CB82CD11B970074EB96 /* FirebaseInAppMessaging-Beta */ = {
			isa = XCSwiftPackageProductDependency;
			package = C1FA6C752CD0E1DE0074EB96 /* XCRemoteSwiftPackageReference "firebase-ios-sdk" */;
			productName = "FirebaseInAppMessaging-Beta";
		};
		C1FA6CBA2CD11B970074EB96 /* FirebaseInstallations */ = {
			isa = XCSwiftPackageProductDependency;
			package = C1FA6C752CD0E1DE0074EB96 /* XCRemoteSwiftPackageReference "firebase-ios-sdk" */;
			productName = FirebaseInstallations;
		};
		C1FA6CBC2CD11B970074EB96 /* FirebaseMLModelDownloader */ = {
			isa = XCSwiftPackageProductDependency;
			package = C1FA6C752CD0E1DE0074EB96 /* XCRemoteSwiftPackageReference "firebase-ios-sdk" */;
			productName = FirebaseMLModelDownloader;
		};
		C1FA6CBE2CD11B970074EB96 /* FirebaseMessaging */ = {
			isa = XCSwiftPackageProductDependency;
			package = C1FA6C752CD0E1DE0074EB96 /* XCRemoteSwiftPackageReference "firebase-ios-sdk" */;
			productName = FirebaseMessaging;
		};
		C1FA6CC02CD11B970074EB96 /* FirebasePerformance */ = {
			isa = XCSwiftPackageProductDependency;
			package = C1FA6C752CD0E1DE0074EB96 /* XCRemoteSwiftPackageReference "firebase-ios-sdk" */;
			productName = FirebasePerformance;
		};
		C1FA6CC22CD11B970074EB96 /* FirebaseRemoteConfig */ = {
			isa = XCSwiftPackageProductDependency;
			package = C1FA6C752CD0E1DE0074EB96 /* XCRemoteSwiftPackageReference "firebase-ios-sdk" */;
			productName = FirebaseRemoteConfig;
		};
		C1FA6CC42CD11B970074EB96 /* FirebaseStorage */ = {
			isa = XCSwiftPackageProductDependency;
			package = C1FA6C752CD0E1DE0074EB96 /* XCRemoteSwiftPackageReference "firebase-ios-sdk" */;
			productName = FirebaseStorage;
		};
		C1FA6CC62CD11B970074EB96 /* FirebaseStorageCombine-Community */ = {
			isa = XCSwiftPackageProductDependency;
			package = C1FA6C752CD0E1DE0074EB96 /* XCRemoteSwiftPackageReference "firebase-ios-sdk" */;
			productName = "FirebaseStorageCombine-Community";
		};
		C1FA6CC82CD11B970074EB96 /* FirebaseVertexAI */ = {
			isa = XCSwiftPackageProductDependency;
			package = C1FA6C752CD0E1DE0074EB96 /* XCRemoteSwiftPackageReference "firebase-ios-sdk" */;
			productName = FirebaseVertexAI;
		};
/* End XCSwiftPackageProductDependency section */
	};
	rootObject = C1FA6C5A2CD0E1C60074EB96 /* Project object */;
}
